// !$*UTF8*$!
{
	archiveVersion = 1;
	classes = {
	};
	objectVersion = 46;
	objects = {

/* Begin PBXBuildFile section */
		093C8B3B19D298C800DF3999 /* main.m in Sources */ = {isa = PBXBuildFile; fileRef = 093C8B3A19D298C800DF3999 /* main.m */; };
		093C8B3E19D298C800DF3999 /* AppDelegate.m in Sources */ = {isa = PBXBuildFile; fileRef = 093C8B3D19D298C800DF3999 /* AppDelegate.m */; };
		093C8B4119D298C800DF3999 /* ViewController.m in Sources */ = {isa = PBXBuildFile; fileRef = 093C8B4019D298C800DF3999 /* ViewController.m */; };
		093C8B4419D298C800DF3999 /* Main.storyboard in Resources */ = {isa = PBXBuildFile; fileRef = 093C8B4219D298C800DF3999 /* Main.storyboard */; };
		093C8B4619D298C800DF3999 /* Images.xcassets in Resources */ = {isa = PBXBuildFile; fileRef = 093C8B4519D298C800DF3999 /* Images.xcassets */; };
		093C8B4919D298C800DF3999 /* LaunchScreen.xib in Resources */ = {isa = PBXBuildFile; fileRef = 093C8B4719D298C800DF3999 /* LaunchScreen.xib */; };
		093C8B5519D298C800DF3999 /* HotelExtranetTests.m in Sources */ = {isa = PBXBuildFile; fileRef = 093C8B5419D298C800DF3999 /* HotelExtranetTests.m */; };
		093C8B5F19D29A4800DF3999 /* Parse.framework in Frameworks */ = {isa = PBXBuildFile; fileRef = 093C8B5E19D29A4800DF3999 /* Parse.framework */; };
		093C8B6119D29A5B00DF3999 /* Bolts.framework in Frameworks */ = {isa = PBXBuildFile; fileRef = 093C8B6019D29A5B00DF3999 /* Bolts.framework */; };
		093C8B6319D29ADB00DF3999 /* AudioToolbox.framework in Frameworks */ = {isa = PBXBuildFile; fileRef = 093C8B6219D29ADB00DF3999 /* AudioToolbox.framework */; };
		093C8B6519D29AE800DF3999 /* CFNetwork.framework in Frameworks */ = {isa = PBXBuildFile; fileRef = 093C8B6419D29AE800DF3999 /* CFNetwork.framework */; };
		093C8B6719D29AF100DF3999 /* CoreGraphics.framework in Frameworks */ = {isa = PBXBuildFile; fileRef = 093C8B6619D29AF100DF3999 /* CoreGraphics.framework */; };
		093C8B6919D29B0B00DF3999 /* libz.dylib in Frameworks */ = {isa = PBXBuildFile; fileRef = 093C8B6819D29B0B00DF3999 /* libz.dylib */; };
		093C8B6B19D29B1F00DF3999 /* MobileCoreServices.framework in Frameworks */ = {isa = PBXBuildFile; fileRef = 093C8B6A19D29B1F00DF3999 /* MobileCoreServices.framework */; };
		093C8B6D19D29B2F00DF3999 /* QuartzCore.framework in Frameworks */ = {isa = PBXBuildFile; fileRef = 093C8B6C19D29B2F00DF3999 /* QuartzCore.framework */; };
		093C8B6F19D29B3800DF3999 /* Security.framework in Frameworks */ = {isa = PBXBuildFile; fileRef = 093C8B6E19D29B3800DF3999 /* Security.framework */; };
		093C8B7119D29B4100DF3999 /* StoreKit.framework in Frameworks */ = {isa = PBXBuildFile; fileRef = 093C8B7019D29B4100DF3999 /* StoreKit.framework */; };
		093C8B7319D29B4A00DF3999 /* SystemConfiguration.framework in Frameworks */ = {isa = PBXBuildFile; fileRef = 093C8B7219D29B4A00DF3999 /* SystemConfiguration.framework */; };
		093C8B7619D2A38000DF3999 /* Social.framework in Frameworks */ = {isa = PBXBuildFile; fileRef = 093C8B7519D2A38000DF3999 /* Social.framework */; };
		093C8B7819D2A38400DF3999 /* Accounts.framework in Frameworks */ = {isa = PBXBuildFile; fileRef = 093C8B7719D2A38400DF3999 /* Accounts.framework */; };
		09B0ABCB19D4030C00A72DD9 /* MyLogInViewController.m in Sources */ = {isa = PBXBuildFile; fileRef = 09B0ABC819D4030C00A72DD9 /* MyLogInViewController.m */; };
		09B0ABCC19D4030C00A72DD9 /* MySignUpViewController.m in Sources */ = {isa = PBXBuildFile; fileRef = 09B0ABCA19D4030C00A72DD9 /* MySignUpViewController.m */; };
/* End PBXBuildFile section */

/* Begin PBXContainerItemProxy section */
		093C8B4F19D298C800DF3999 /* PBXContainerItemProxy */ = {
			isa = PBXContainerItemProxy;
			containerPortal = 093C8B2D19D298C800DF3999 /* Project object */;
			proxyType = 1;
			remoteGlobalIDString = 093C8B3419D298C800DF3999;
			remoteInfo = HotelExtranet;
		};
/* End PBXContainerItemProxy section */

/* Begin PBXFileReference section */
		093C8B3519D298C800DF3999 /* HotelExtranet.app */ = {isa = PBXFileReference; explicitFileType = wrapper.application; includeInIndex = 0; path = HotelExtranet.app; sourceTree = BUILT_PRODUCTS_DIR; };
		093C8B3919D298C800DF3999 /* Info.plist */ = {isa = PBXFileReference; lastKnownFileType = text.plist.xml; path = Info.plist; sourceTree = "<group>"; };
		093C8B3A19D298C800DF3999 /* main.m */ = {isa = PBXFileReference; lastKnownFileType = sourcecode.c.objc; path = main.m; sourceTree = "<group>"; };
		093C8B3C19D298C800DF3999 /* AppDelegate.h */ = {isa = PBXFileReference; lastKnownFileType = sourcecode.c.h; path = AppDelegate.h; sourceTree = "<group>"; };
		093C8B3D19D298C800DF3999 /* AppDelegate.m */ = {isa = PBXFileReference; lastKnownFileType = sourcecode.c.objc; path = AppDelegate.m; sourceTree = "<group>"; };
		093C8B3F19D298C800DF3999 /* ViewController.h */ = {isa = PBXFileReference; lastKnownFileType = sourcecode.c.h; path = ViewController.h; sourceTree = "<group>"; };
		093C8B4019D298C800DF3999 /* ViewController.m */ = {isa = PBXFileReference; lastKnownFileType = sourcecode.c.objc; path = ViewController.m; sourceTree = "<group>"; };
		093C8B4319D298C800DF3999 /* Base */ = {isa = PBXFileReference; lastKnownFileType = file.storyboard; name = Base; path = Base.lproj/Main.storyboard; sourceTree = "<group>"; };
		093C8B4519D298C800DF3999 /* Images.xcassets */ = {isa = PBXFileReference; lastKnownFileType = folder.assetcatalog; path = Images.xcassets; sourceTree = "<group>"; };
		093C8B4819D298C800DF3999 /* Base */ = {isa = PBXFileReference; lastKnownFileType = file.xib; name = Base; path = Base.lproj/LaunchScreen.xib; sourceTree = "<group>"; };
		093C8B4E19D298C800DF3999 /* HotelExtranetTests.xctest */ = {isa = PBXFileReference; explicitFileType = wrapper.cfbundle; includeInIndex = 0; path = HotelExtranetTests.xctest; sourceTree = BUILT_PRODUCTS_DIR; };
		093C8B5319D298C800DF3999 /* Info.plist */ = {isa = PBXFileReference; lastKnownFileType = text.plist.xml; path = Info.plist; sourceTree = "<group>"; };
		093C8B5419D298C800DF3999 /* HotelExtranetTests.m */ = {isa = PBXFileReference; lastKnownFileType = sourcecode.c.objc; path = HotelExtranetTests.m; sourceTree = "<group>"; };
		093C8B5E19D29A4800DF3999 /* Parse.framework */ = {isa = PBXFileReference; lastKnownFileType = wrapper.framework; path = Parse.framework; sourceTree = "<group>"; };
		093C8B6019D29A5B00DF3999 /* Bolts.framework */ = {isa = PBXFileReference; lastKnownFileType = wrapper.framework; path = Bolts.framework; sourceTree = "<group>"; };
		093C8B6219D29ADB00DF3999 /* AudioToolbox.framework */ = {isa = PBXFileReference; lastKnownFileType = wrapper.framework; name = AudioToolbox.framework; path = System/Library/Frameworks/AudioToolbox.framework; sourceTree = SDKROOT; };
		093C8B6419D29AE800DF3999 /* CFNetwork.framework */ = {isa = PBXFileReference; lastKnownFileType = wrapper.framework; name = CFNetwork.framework; path = System/Library/Frameworks/CFNetwork.framework; sourceTree = SDKROOT; };
		093C8B6619D29AF100DF3999 /* CoreGraphics.framework */ = {isa = PBXFileReference; lastKnownFileType = wrapper.framework; name = CoreGraphics.framework; path = System/Library/Frameworks/CoreGraphics.framework; sourceTree = SDKROOT; };
		093C8B6819D29B0B00DF3999 /* libz.dylib */ = {isa = PBXFileReference; lastKnownFileType = "compiled.mach-o.dylib"; name = libz.dylib; path = usr/lib/libz.dylib; sourceTree = SDKROOT; };
		093C8B6A19D29B1F00DF3999 /* MobileCoreServices.framework */ = {isa = PBXFileReference; lastKnownFileType = wrapper.framework; name = MobileCoreServices.framework; path = System/Library/Frameworks/MobileCoreServices.framework; sourceTree = SDKROOT; };
		093C8B6C19D29B2F00DF3999 /* QuartzCore.framework */ = {isa = PBXFileReference; lastKnownFileType = wrapper.framework; name = QuartzCore.framework; path = System/Library/Frameworks/QuartzCore.framework; sourceTree = SDKROOT; };
		093C8B6E19D29B3800DF3999 /* Security.framework */ = {isa = PBXFileReference; lastKnownFileType = wrapper.framework; name = Security.framework; path = System/Library/Frameworks/Security.framework; sourceTree = SDKROOT; };
		093C8B7019D29B4100DF3999 /* StoreKit.framework */ = {isa = PBXFileReference; lastKnownFileType = wrapper.framework; name = StoreKit.framework; path = System/Library/Frameworks/StoreKit.framework; sourceTree = SDKROOT; };
		093C8B7219D29B4A00DF3999 /* SystemConfiguration.framework */ = {isa = PBXFileReference; lastKnownFileType = wrapper.framework; name = SystemConfiguration.framework; path = System/Library/Frameworks/SystemConfiguration.framework; sourceTree = SDKROOT; };
		093C8B7519D2A38000DF3999 /* Social.framework */ = {isa = PBXFileReference; lastKnownFileType = wrapper.framework; name = Social.framework; path = System/Library/Frameworks/Social.framework; sourceTree = SDKROOT; };
		093C8B7719D2A38400DF3999 /* Accounts.framework */ = {isa = PBXFileReference; lastKnownFileType = wrapper.framework; name = Accounts.framework; path = System/Library/Frameworks/Accounts.framework; sourceTree = SDKROOT; };
		09B0ABC719D4030C00A72DD9 /* MyLogInViewController.h */ = {isa = PBXFileReference; fileEncoding = 4; lastKnownFileType = sourcecode.c.h; path = MyLogInViewController.h; sourceTree = "<group>"; };
		09B0ABC819D4030C00A72DD9 /* MyLogInViewController.m */ = {isa = PBXFileReference; fileEncoding = 4; lastKnownFileType = sourcecode.c.objc; path = MyLogInViewController.m; sourceTree = "<group>"; };
		09B0ABC919D4030C00A72DD9 /* MySignUpViewController.h */ = {isa = PBXFileReference; fileEncoding = 4; lastKnownFileType = sourcecode.c.h; path = MySignUpViewController.h; sourceTree = "<group>"; };
		09B0ABCA19D4030C00A72DD9 /* MySignUpViewController.m */ = {isa = PBXFileReference; fileEncoding = 4; lastKnownFileType = sourcecode.c.objc; path = MySignUpViewController.m; sourceTree = "<group>"; };
/* End PBXFileReference section */

/* Begin PBXFrameworksBuildPhase section */
		093C8B3219D298C800DF3999 /* Frameworks */ = {
			isa = PBXFrameworksBuildPhase;
			buildActionMask = 2147483647;
			files = (
				093C8B7819D2A38400DF3999 /* Accounts.framework in Frameworks */,
				093C8B7619D2A38000DF3999 /* Social.framework in Frameworks */,
				093C8B7319D29B4A00DF3999 /* SystemConfiguration.framework in Frameworks */,
				093C8B7119D29B4100DF3999 /* StoreKit.framework in Frameworks */,
				093C8B6F19D29B3800DF3999 /* Security.framework in Frameworks */,
				093C8B6D19D29B2F00DF3999 /* QuartzCore.framework in Frameworks */,
				093C8B6B19D29B1F00DF3999 /* MobileCoreServices.framework in Frameworks */,
				093C8B6919D29B0B00DF3999 /* libz.dylib in Frameworks */,
				093C8B6719D29AF100DF3999 /* CoreGraphics.framework in Frameworks */,
				093C8B6519D29AE800DF3999 /* CFNetwork.framework in Frameworks */,
				093C8B6319D29ADB00DF3999 /* AudioToolbox.framework in Frameworks */,
				093C8B5F19D29A4800DF3999 /* Parse.framework in Frameworks */,
				093C8B6119D29A5B00DF3999 /* Bolts.framework in Frameworks */,
			);
			runOnlyForDeploymentPostprocessing = 0;
		};
		093C8B4B19D298C800DF3999 /* Frameworks */ = {
			isa = PBXFrameworksBuildPhase;
			buildActionMask = 2147483647;
			files = (
			);
			runOnlyForDeploymentPostprocessing = 0;
		};
/* End PBXFrameworksBuildPhase section */

/* Begin PBXGroup section */
		093C8B2C19D298C800DF3999 = {
			isa = PBXGroup;
			children = (
				093C8B7719D2A38400DF3999 /* Accounts.framework */,
				093C8B7519D2A38000DF3999 /* Social.framework */,
				093C8B7419D29B6600DF3999 /* Framework */,
				093C8B3719D298C800DF3999 /* HotelExtranet */,
				093C8B5119D298C800DF3999 /* HotelExtranetTests */,
				093C8B3619D298C800DF3999 /* Products */,
			);
			sourceTree = "<group>";
		};
		093C8B3619D298C800DF3999 /* Products */ = {
			isa = PBXGroup;
			children = (
				093C8B3519D298C800DF3999 /* HotelExtranet.app */,
				093C8B4E19D298C800DF3999 /* HotelExtranetTests.xctest */,
			);
			name = Products;
			sourceTree = "<group>";
		};
		093C8B3719D298C800DF3999 /* HotelExtranet */ = {
			isa = PBXGroup;
			children = (
				09B0ABC719D4030C00A72DD9 /* MyLogInViewController.h */,
				09B0ABC819D4030C00A72DD9 /* MyLogInViewController.m */,
				09B0ABC919D4030C00A72DD9 /* MySignUpViewController.h */,
				09B0ABCA19D4030C00A72DD9 /* MySignUpViewController.m */,
				093C8B3C19D298C800DF3999 /* AppDelegate.h */,
				093C8B3D19D298C800DF3999 /* AppDelegate.m */,
				093C8B3F19D298C800DF3999 /* ViewController.h */,
				093C8B4019D298C800DF3999 /* ViewController.m */,
				093C8B4219D298C800DF3999 /* Main.storyboard */,
				093C8B4519D298C800DF3999 /* Images.xcassets */,
				093C8B4719D298C800DF3999 /* LaunchScreen.xib */,
				093C8B3819D298C800DF3999 /* Supporting Files */,
			);
			path = HotelExtranet;
			sourceTree = "<group>";
		};
		093C8B3819D298C800DF3999 /* Supporting Files */ = {
			isa = PBXGroup;
			children = (
				093C8B3919D298C800DF3999 /* Info.plist */,
				093C8B3A19D298C800DF3999 /* main.m */,
			);
			name = "Supporting Files";
			sourceTree = "<group>";
		};
		093C8B5119D298C800DF3999 /* HotelExtranetTests */ = {
			isa = PBXGroup;
			children = (
				093C8B5419D298C800DF3999 /* HotelExtranetTests.m */,
				093C8B5219D298C800DF3999 /* Supporting Files */,
			);
			path = HotelExtranetTests;
			sourceTree = "<group>";
		};
		093C8B5219D298C800DF3999 /* Supporting Files */ = {
			isa = PBXGroup;
			children = (
				093C8B5319D298C800DF3999 /* Info.plist */,
			);
			name = "Supporting Files";
			sourceTree = "<group>";
		};
		093C8B7419D29B6600DF3999 /* Framework */ = {
			isa = PBXGroup;
			children = (
				093C8B7219D29B4A00DF3999 /* SystemConfiguration.framework */,
				093C8B7019D29B4100DF3999 /* StoreKit.framework */,
				093C8B6E19D29B3800DF3999 /* Security.framework */,
				093C8B6C19D29B2F00DF3999 /* QuartzCore.framework */,
				093C8B6A19D29B1F00DF3999 /* MobileCoreServices.framework */,
				093C8B6819D29B0B00DF3999 /* libz.dylib */,
				093C8B6619D29AF100DF3999 /* CoreGraphics.framework */,
				093C8B6419D29AE800DF3999 /* CFNetwork.framework */,
				093C8B6219D29ADB00DF3999 /* AudioToolbox.framework */,
				093C8B6019D29A5B00DF3999 /* Bolts.framework */,
				093C8B5E19D29A4800DF3999 /* Parse.framework */,
			);
			name = Framework;
			sourceTree = "<group>";
		};
/* End PBXGroup section */

/* Begin PBXNativeTarget section */
		093C8B3419D298C800DF3999 /* HotelExtranet */ = {
			isa = PBXNativeTarget;
			buildConfigurationList = 093C8B5819D298C800DF3999 /* Build configuration list for PBXNativeTarget "HotelExtranet" */;
			buildPhases = (
				093C8B3119D298C800DF3999 /* Sources */,
				093C8B3219D298C800DF3999 /* Frameworks */,
				093C8B3319D298C800DF3999 /* Resources */,
			);
			buildRules = (
			);
			dependencies = (
			);
			name = HotelExtranet;
			productName = HotelExtranet;
			productReference = 093C8B3519D298C800DF3999 /* HotelExtranet.app */;
			productType = "com.apple.product-type.application";
		};
		093C8B4D19D298C800DF3999 /* HotelExtranetTests */ = {
			isa = PBXNativeTarget;
			buildConfigurationList = 093C8B5B19D298C800DF3999 /* Build configuration list for PBXNativeTarget "HotelExtranetTests" */;
			buildPhases = (
				093C8B4A19D298C800DF3999 /* Sources */,
				093C8B4B19D298C800DF3999 /* Frameworks */,
				093C8B4C19D298C800DF3999 /* Resources */,
			);
			buildRules = (
			);
			dependencies = (
				093C8B5019D298C800DF3999 /* PBXTargetDependency */,
			);
			name = HotelExtranetTests;
			productName = HotelExtranetTests;
			productReference = 093C8B4E19D298C800DF3999 /* HotelExtranetTests.xctest */;
			productType = "com.apple.product-type.bundle.unit-test";
		};
/* End PBXNativeTarget section */

/* Begin PBXProject section */
		093C8B2D19D298C800DF3999 /* Project object */ = {
			isa = PBXProject;
			attributes = {
				LastUpgradeCheck = 0600;
				ORGANIZATIONNAME = "Saket Rai";
				TargetAttributes = {
					093C8B3419D298C800DF3999 = {
						CreatedOnToolsVersion = 6.0.1;
					};
					093C8B4D19D298C800DF3999 = {
						CreatedOnToolsVersion = 6.0.1;
						TestTargetID = 093C8B3419D298C800DF3999;
					};
				};
			};
			buildConfigurationList = 093C8B3019D298C800DF3999 /* Build configuration list for PBXProject "HotelExtranet" */;
			compatibilityVersion = "Xcode 3.2";
			developmentRegion = English;
			hasScannedForEncodings = 0;
			knownRegions = (
				en,
				Base,
			);
			mainGroup = 093C8B2C19D298C800DF3999;
			productRefGroup = 093C8B3619D298C800DF3999 /* Products */;
			projectDirPath = "";
			projectRoot = "";
			targets = (
				093C8B3419D298C800DF3999 /* HotelExtranet */,
				093C8B4D19D298C800DF3999 /* HotelExtranetTests */,
			);
		};
/* End PBXProject section */

/* Begin PBXResourcesBuildPhase section */
		093C8B3319D298C800DF3999 /* Resources */ = {
			isa = PBXResourcesBuildPhase;
			buildActionMask = 2147483647;
			files = (
				093C8B4419D298C800DF3999 /* Main.storyboard in Resources */,
				093C8B4919D298C800DF3999 /* LaunchScreen.xib in Resources */,
				093C8B4619D298C800DF3999 /* Images.xcassets in Resources */,
			);
			runOnlyForDeploymentPostprocessing = 0;
		};
		093C8B4C19D298C800DF3999 /* Resources */ = {
			isa = PBXResourcesBuildPhase;
			buildActionMask = 2147483647;
			files = (
			);
			runOnlyForDeploymentPostprocessing = 0;
		};
/* End PBXResourcesBuildPhase section */

/* Begin PBXSourcesBuildPhase section */
		093C8B3119D298C800DF3999 /* Sources */ = {
			isa = PBXSourcesBuildPhase;
			buildActionMask = 2147483647;
			files = (
				09B0ABCB19D4030C00A72DD9 /* MyLogInViewController.m in Sources */,
				093C8B4119D298C800DF3999 /* ViewController.m in Sources */,
				093C8B3E19D298C800DF3999 /* AppDelegate.m in Sources */,
				09B0ABCC19D4030C00A72DD9 /* MySignUpViewController.m in Sources */,
				093C8B3B19D298C800DF3999 /* main.m in Sources */,
			);
			runOnlyForDeploymentPostprocessing = 0;
		};
		093C8B4A19D298C800DF3999 /* Sources */ = {
			isa = PBXSourcesBuildPhase;
			buildActionMask = 2147483647;
			files = (
				093C8B5519D298C800DF3999 /* HotelExtranetTests.m in Sources */,
			);
			runOnlyForDeploymentPostprocessing = 0;
		};
/* End PBXSourcesBuildPhase section */

/* Begin PBXTargetDependency section */
		093C8B5019D298C800DF3999 /* PBXTargetDependency */ = {
			isa = PBXTargetDependency;
			target = 093C8B3419D298C800DF3999 /* HotelExtranet */;
			targetProxy = 093C8B4F19D298C800DF3999 /* PBXContainerItemProxy */;
		};
/* End PBXTargetDependency section */

/* Begin PBXVariantGroup section */
		093C8B4219D298C800DF3999 /* Main.storyboard */ = {
			isa = PBXVariantGroup;
			children = (
				093C8B4319D298C800DF3999 /* Base */,
			);
			name = Main.storyboard;
			sourceTree = "<group>";
		};
		093C8B4719D298C800DF3999 /* LaunchScreen.xib */ = {
			isa = PBXVariantGroup;
			children = (
				093C8B4819D298C800DF3999 /* Base */,
			);
			name = LaunchScreen.xib;
			sourceTree = "<group>";
		};
/* End PBXVariantGroup section */

/* Begin XCBuildConfiguration section */
		093C8B5619D298C800DF3999 /* Debug */ = {
			isa = XCBuildConfiguration;
			buildSettings = {
				ALWAYS_SEARCH_USER_PATHS = NO;
				CLANG_CXX_LANGUAGE_STANDARD = "gnu++0x";
				CLANG_CXX_LIBRARY = "libc++";
				CLANG_ENABLE_MODULES = YES;
				CLANG_ENABLE_OBJC_ARC = YES;
				CLANG_WARN_BOOL_CONVERSION = YES;
				CLANG_WARN_CONSTANT_CONVERSION = YES;
				CLANG_WARN_DIRECT_OBJC_ISA_USAGE = YES_ERROR;
				CLANG_WARN_EMPTY_BODY = YES;
				CLANG_WARN_ENUM_CONVERSION = YES;
				CLANG_WARN_INT_CONVERSION = YES;
				CLANG_WARN_OBJC_ROOT_CLASS = YES_ERROR;
				CLANG_WARN_UNREACHABLE_CODE = YES;
				CLANG_WARN__DUPLICATE_METHOD_MATCH = YES;
				"CODE_SIGN_IDENTITY[sdk=iphoneos*]" = "iPhone Developer";
				COPY_PHASE_STRIP = NO;
				ENABLE_STRICT_OBJC_MSGSEND = YES;
				GCC_C_LANGUAGE_STANDARD = gnu99;
				GCC_DYNAMIC_NO_PIC = NO;
				GCC_OPTIMIZATION_LEVEL = 0;
				GCC_PREPROCESSOR_DEFINITIONS = (
					"DEBUG=1",
					"$(inherited)",
				);
				GCC_SYMBOLS_PRIVATE_EXTERN = NO;
				GCC_WARN_64_TO_32_BIT_CONVERSION = YES;
				GCC_WARN_ABOUT_RETURN_TYPE = YES_ERROR;
				GCC_WARN_UNDECLARED_SELECTOR = YES;
				GCC_WARN_UNINITIALIZED_AUTOS = YES_AGGRESSIVE;
				GCC_WARN_UNUSED_FUNCTION = YES;
				GCC_WARN_UNUSED_VARIABLE = YES;
				IPHONEOS_DEPLOYMENT_TARGET = 8.0;
				MTL_ENABLE_DEBUG_INFO = YES;
				ONLY_ACTIVE_ARCH = YES;
				SDKROOT = iphoneos;
				TARGETED_DEVICE_FAMILY = 2;
			};
			name = Debug;
		};
		093C8B5719D298C800DF3999 /* Release */ = {
			isa = XCBuildConfiguration;
			buildSettings = {
				ALWAYS_SEARCH_USER_PATHS = NO;
				CLANG_CXX_LANGUAGE_STANDARD = "gnu++0x";
				CLANG_CXX_LIBRARY = "libc++";
				CLANG_ENABLE_MODULES = YES;
				CLANG_ENABLE_OBJC_ARC = YES;
				CLANG_WARN_BOOL_CONVERSION = YES;
				CLANG_WARN_CONSTANT_CONVERSION = YES;
				CLANG_WARN_DIRECT_OBJC_ISA_USAGE = YES_ERROR;
				CLANG_WARN_EMPTY_BODY = YES;
				CLANG_WARN_ENUM_CONVERSION = YES;
				CLANG_WARN_INT_CONVERSION = YES;
				CLANG_WARN_OBJC_ROOT_CLASS = YES_ERROR;
				CLANG_WARN_UNREACHABLE_CODE = YES;
				CLANG_WARN__DUPLICATE_METHOD_MATCH = YES;
				"CODE_SIGN_IDENTITY[sdk=iphoneos*]" = "iPhone Developer";
				COPY_PHASE_STRIP = YES;
				ENABLE_NS_ASSERTIONS = NO;
				ENABLE_STRICT_OBJC_MSGSEND = YES;
				GCC_C_LANGUAGE_STANDARD = gnu99;
				GCC_WARN_64_TO_32_BIT_CONVERSION = YES;
				GCC_WARN_ABOUT_RETURN_TYPE = YES_ERROR;
				GCC_WARN_UNDECLARED_SELECTOR = YES;
				GCC_WARN_UNINITIALIZED_AUTOS = YES_AGGRESSIVE;
				GCC_WARN_UNUSED_FUNCTION = YES;
				GCC_WARN_UNUSED_VARIABLE = YES;
				IPHONEOS_DEPLOYMENT_TARGET = 8.0;
				MTL_ENABLE_DEBUG_INFO = NO;
				SDKROOT = iphoneos;
				TARGETED_DEVICE_FAMILY = 2;
				VALIDATE_PRODUCT = YES;
			};
			name = Release;
		};
		093C8B5919D298C800DF3999 /* Debug */ = {
			isa = XCBuildConfiguration;
			buildSettings = {
				ASSETCATALOG_COMPILER_APPICON_NAME = AppIcon;
				FRAMEWORK_SEARCH_PATHS = (
					"$(inherited)",
					"$(PROJECT_DIR)",
				);
				INFOPLIST_FILE = HotelExtranet/Info.plist;
				LD_RUNPATH_SEARCH_PATHS = "$(inherited) @executable_path/Frameworks";
				PRODUCT_NAME = "$(TARGET_NAME)";
				TARGETED_DEVICE_FAMILY = 1;
			};
			name = Debug;
		};
		093C8B5A19D298C800DF3999 /* Release */ = {
			isa = XCBuildConfiguration;
			buildSettings = {
				ASSETCATALOG_COMPILER_APPICON_NAME = AppIcon;
				FRAMEWORK_SEARCH_PATHS = (
					"$(inherited)",
					"$(PROJECT_DIR)",
				);
				INFOPLIST_FILE = HotelExtranet/Info.plist;
				LD_RUNPATH_SEARCH_PATHS = "$(inherited) @executable_path/Frameworks";
				PRODUCT_NAME = "$(TARGET_NAME)";
				TARGETED_DEVICE_FAMILY = 1;
			};
			name = Release;
		};
		093C8B5C19D298C800DF3999 /* Debug */ = {
			isa = XCBuildConfiguration;
			buildSettings = {
				BUNDLE_LOADER = "$(TEST_HOST)";
				FRAMEWORK_SEARCH_PATHS = (
					"$(SDKROOT)/Developer/Library/Frameworks",
					"$(inherited)",
				);
				GCC_PREPROCESSOR_DEFINITIONS = (
					"DEBUG=1",
					"$(inherited)",
				);
				INFOPLIST_FILE = HotelExtranetTests/Info.plist;
				LD_RUNPATH_SEARCH_PATHS = "$(inherited) @executable_path/Frameworks @loader_path/Frameworks";
				PRODUCT_NAME = "$(TARGET_NAME)";
				TEST_HOST = "$(BUILT_PRODUCTS_DIR)/HotelExtranet.app/HotelExtranet";
			};
			name = Debug;
		};
		093C8B5D19D298C800DF3999 /* Release */ = {
			isa = XCBuildConfiguration;
			buildSettings = {
				BUNDLE_LOADER = "$(TEST_HOST)";
				FRAMEWORK_SEARCH_PATHS = (
					"$(SDKROOT)/Developer/Library/Frameworks",
					"$(inherited)",
				);
				INFOPLIST_FILE = HotelExtranetTests/Info.plist;
				LD_RUNPATH_SEARCH_PATHS = "$(inherited) @executable_path/Frameworks @loader_path/Frameworks";
				PRODUCT_NAME = "$(TARGET_NAME)";
				TEST_HOST = "$(BUILT_PRODUCTS_DIR)/HotelExtranet.app/HotelExtranet";
			};
			name = Release;
		};
/* End XCBuildConfiguration section */

/* Begin XCConfigurationList section */
		093C8B3019D298C800DF3999 /* Build configuration list for PBXProject "HotelExtranet" */ = {
			isa = XCConfigurationList;
			buildConfigurations = (
				093C8B5619D298C800DF3999 /* Debug */,
				093C8B5719D298C800DF3999 /* Release */,
			);
			defaultConfigurationIsVisible = 0;
			defaultConfigurationName = Release;
		};
		093C8B5819D298C800DF3999 /* Build configuration list for PBXNativeTarget "HotelExtranet" */ = {
			isa = XCConfigurationList;
			buildConfigurations = (
				093C8B5919D298C800DF3999 /* Debug */,
				093C8B5A19D298C800DF3999 /* Release */,
			);
			defaultConfigurationIsVisible = 0;
			defaultConfigurationName = Release;
		};
		093C8B5B19D298C800DF3999 /* Build configuration list for PBXNativeTarget "HotelExtranetTests" */ = {
			isa = XCConfigurationList;
			buildConfigurations = (
				093C8B5C19D298C800DF3999 /* Debug */,
				093C8B5D19D298C800DF3999 /* Release */,
			);
			defaultConfigurationIsVisible = 0;
			defaultConfigurationName = Release;
		};
/* End XCConfigurationList section */
	};
	rootObject = 093C8B2D19D298C800DF3999 /* Project object */;
}
